
Microsoft Visual Studio Solution File, Format Version 12.00
# Visual Studio 15
VisualStudioVersion = 15.0.27428.2037
MinimumVisualStudioVersion = 10.0.40219.1
Project("{FAE04EC0-301F-11D3-BF4B-00C04F79EFBC}") = "TurnManagement.DataAccess", "TurnManagement.DataAccess\TurnManagement.DataAccess.csproj", "{9183B8CF-E6F8-4D4D-999F-3EE2E9D11710}"
EndProject
Project("{FAE04EC0-301F-11D3-BF4B-00C04F79EFBC}") = "TurnManagement.Domain", "TurnManagement.Domain\TurnManagement.Domain.csproj", "{1B135255-27E8-4983-93D7-846F13128D91}"
EndProject
Project("{FAE04EC0-301F-11D3-BF4B-00C04F79EFBC}") = "TurnManagement.CrossCutting", "TurnManagement.CrossCutting\TurnManagement.CrossCutting.csproj", "{45307202-A020-4A1A-B9B1-D5FA85002050}"
EndProject
Project("{FAE04EC0-301F-11D3-BF4B-00C04F79EFBC}") = "TurnManagement.App_Turn", "TurnManagement.App_Turn\TurnManagement.App_Turn.csproj", "{E9E0F1C0-DF82-4D9B-8374-AD06AE715BE0}"
EndProject
Project("{FAE04EC0-301F-11D3-BF4B-00C04F79EFBC}") = "TurnManagement.WPFApp.Test", "TurnManagement.WPFApp.Test\TurnManagement.WPFApp.Test.csproj", "{22F376A8-AF11-4FA8-97FE-46717B0AAFC5}"
EndProject
Project("{FAE04EC0-301F-11D3-BF4B-00C04F79EFBC}") = "TurnManagement.Business", "TurnManagement.Business\TurnManagement.Business.csproj", "{93EB5CEE-5F2C-4EBC-AEF8-66811BDE2D38}"
EndProject
Project("{FAE04EC0-301F-11D3-BF4B-00C04F79EFBC}") = "TurnManagement.ViewModels", "TurnManagement.ViewModels\TurnManagement.ViewModels.csproj", "{856D39C7-5264-4071-A781-1C611FF1F5EE}"
EndProject
Global
	GlobalSection(SolutionConfigurationPlatforms) = preSolution
		Debug|Any CPU = Debug|Any CPU
		Release|Any CPU = Release|Any CPU
	EndGlobalSection
	GlobalSection(ProjectConfigurationPlatforms) = postSolution
		{9183B8CF-E6F8-4D4D-999F-3EE2E9D11710}.Debug|Any CPU.ActiveCfg = Debug|Any CPU
		{9183B8CF-E6F8-4D4D-999F-3EE2E9D11710}.Debug|Any CPU.Build.0 = Debug|Any CPU
		{9183B8CF-E6F8-4D4D-999F-3EE2E9D11710}.Release|Any CPU.ActiveCfg = Release|Any CPU
		{9183B8CF-E6F8-4D4D-999F-3EE2E9D11710}.Release|Any CPU.Build.0 = Release|Any CPU
		{1B135255-27E8-4983-93D7-846F13128D91}.Debug|Any CPU.ActiveCfg = Debug|Any CPU
		{1B135255-27E8-4983-93D7-846F13128D91}.Debug|Any CPU.Build.0 = Debug|Any CPU
		{1B135255-27E8-4983-93D7-846F13128D91}.Release|Any CPU.ActiveCfg = Release|Any CPU
		{1B135255-27E8-4983-93D7-846F13128D91}.Release|Any CPU.Build.0 = Release|Any CPU
		{45307202-A020-4A1A-B9B1-D5FA85002050}.Debug|Any CPU.ActiveCfg = Debug|Any CPU
		{45307202-A020-4A1A-B9B1-D5FA85002050}.Debug|Any CPU.Build.0 = Debug|Any CPU
		{45307202-A020-4A1A-B9B1-D5FA85002050}.Release|Any CPU.ActiveCfg = Release|Any CPU
		{45307202-A020-4A1A-B9B1-D5FA85002050}.Release|Any CPU.Build.0 = Release|Any CPU
		{E9E0F1C0-DF82-4D9B-8374-AD06AE715BE0}.Debug|Any CPU.ActiveCfg = Debug|Any CPU
		{E9E0F1C0-DF82-4D9B-8374-AD06AE715BE0}.Debug|Any CPU.Build.0 = Debug|Any CPU
		{E9E0F1C0-DF82-4D9B-8374-AD06AE715BE0}.Release|Any CPU.ActiveCfg = Release|Any CPU
		{E9E0F1C0-DF82-4D9B-8374-AD06AE715BE0}.Release|Any CPU.Build.0 = Release|Any CPU
		{22F376A8-AF11-4FA8-97FE-46717B0AAFC5}.Debug|Any CPU.ActiveCfg = Debug|Any CPU
		{22F376A8-AF11-4FA8-97FE-46717B0AAFC5}.Debug|Any CPU.Build.0 = Debug|Any CPU
		{22F376A8-AF11-4FA8-97FE-46717B0AAFC5}.Release|Any CPU.ActiveCfg = Release|Any CPU
		{22F376A8-AF11-4FA8-97FE-46717B0AAFC5}.Release|Any CPU.Build.0 = Release|Any CPU
		{93EB5CEE-5F2C-4EBC-AEF8-66811BDE2D38}.Debug|Any CPU.ActiveCfg = Debug|Any CPU
		{93EB5CEE-5F2C-4EBC-AEF8-66811BDE2D38}.Debug|Any CPU.Build.0 = Debug|Any CPU
		{93EB5CEE-5F2C-4EBC-AEF8-66811BDE2D38}.Release|Any CPU.ActiveCfg = Release|Any CPU
		{93EB5CEE-5F2C-4EBC-AEF8-66811BDE2D38}.Release|Any CPU.Build.0 = Release|Any CPU
		{856D39C7-5264-4071-A781-1C611FF1F5EE}.Debug|Any CPU.ActiveCfg = Debug|Any CPU
		{856D39C7-5264-4071-A781-1C611FF1F5EE}.Debug|Any CPU.Build.0 = Debug|Any CPU
		{856D39C7-5264-4071-A781-1C611FF1F5EE}.Release|Any CPU.ActiveCfg = Release|Any CPU
		{856D39C7-5264-4071-A781-1C611FF1F5EE}.Release|Any CPU.Build.0 = Release|Any CPU
	EndGlobalSection
	GlobalSection(SolutionProperties) = preSolution
		HideSolutionNode = FALSE
	EndGlobalSection
	GlobalSection(ExtensibilityGlobals) = postSolution
		SolutionGuid = {E6901CB7-922A-415D-B0DE-7CEF162E48C9}
	EndGlobalSection
EndGlobal
